// !$*UTF8*$!
{
	archiveVersion = 1;
	classes = {
	};
	objectVersion = 46;
	objects = {

/* Begin PBXBuildFile section */
		195AC81F1E481BB000869B32 /* secondViewController.swift in Sources */ = {isa = PBXBuildFile; fileRef = 195AC81E1E481BB000869B32 /* secondViewController.swift */; };
		19B15EAE1E4430E0008A34E7 /* AppDelegate.swift in Sources */ = {isa = PBXBuildFile; fileRef = 19B15EAD1E4430E0008A34E7 /* AppDelegate.swift */; };
		19B15EB01E4430E0008A34E7 /* ViewController.swift in Sources */ = {isa = PBXBuildFile; fileRef = 19B15EAF1E4430E0008A34E7 /* ViewController.swift */; };
		19B15EB31E4430E0008A34E7 /* Main.storyboard in Resources */ = {isa = PBXBuildFile; fileRef = 19B15EB11E4430E0008A34E7 /* Main.storyboard */; };
		19B15EB51E4430E0008A34E7 /* Assets.xcassets in Resources */ = {isa = PBXBuildFile; fileRef = 19B15EB41E4430E0008A34E7 /* Assets.xcassets */; };
		19B15EB81E4430E0008A34E7 /* LaunchScreen.storyboard in Resources */ = {isa = PBXBuildFile; fileRef = 19B15EB61E4430E0008A34E7 /* LaunchScreen.storyboard */; };
		19B15EC31E4430E0008A34E7 /* sampleMiniGuidebookTests.swift in Sources */ = {isa = PBXBuildFile; fileRef = 19B15EC21E4430E0008A34E7 /* sampleMiniGuidebookTests.swift */; };
		19B15ECE1E4430E0008A34E7 /* sampleMiniGuidebookUITests.swift in Sources */ = {isa = PBXBuildFile; fileRef = 19B15ECD1E4430E0008A34E7 /* sampleMiniGuidebookUITests.swift */; };
		19B15EDC1E443143008A34E7 /* placelist.plist in Resources */ = {isa = PBXBuildFile; fileRef = 19B15EDB1E443143008A34E7 /* placelist.plist */; };
/* End PBXBuildFile section */

/* Begin PBXContainerItemProxy section */
		19B15EBF1E4430E0008A34E7 /* PBXContainerItemProxy */ = {
			isa = PBXContainerItemProxy;
			containerPortal = 19B15EA21E4430E0008A34E7 /* Project object */;
			proxyType = 1;
			remoteGlobalIDString = 19B15EA91E4430E0008A34E7;
			remoteInfo = sampleMiniGuidebook;
		};
		19B15ECA1E4430E0008A34E7 /* PBXContainerItemProxy */ = {
			isa = PBXContainerItemProxy;
			containerPortal = 19B15EA21E4430E0008A34E7 /* Project object */;
			proxyType = 1;
			remoteGlobalIDString = 19B15EA91E4430E0008A34E7;
			remoteInfo = sampleMiniGuidebook;
		};
/* End PBXContainerItemProxy section */

/* Begin PBXFileReference section */
		195AC81E1E481BB000869B32 /* secondViewController.swift */ = {isa = PBXFileReference; fileEncoding = 4; lastKnownFileType = sourcecode.swift; path = secondViewController.swift; sourceTree = "<group>"; };
		19B15EAA1E4430E0008A34E7 /* sampleMiniGuidebook.app */ = {isa = PBXFileReference; explicitFileType = wrapper.application; includeInIndex = 0; path = sampleMiniGuidebook.app; sourceTree = BUILT_PRODUCTS_DIR; };
		19B15EAD1E4430E0008A34E7 /* AppDelegate.swift */ = {isa = PBXFileReference; lastKnownFileType = sourcecode.swift; path = AppDelegate.swift; sourceTree = "<group>"; };
		19B15EAF1E4430E0008A34E7 /* ViewController.swift */ = {isa = PBXFileReference; lastKnownFileType = sourcecode.swift; path = ViewController.swift; sourceTree = "<group>"; };
		19B15EB21E4430E0008A34E7 /* Base */ = {isa = PBXFileReference; lastKnownFileType = file.storyboard; name = Base; path = Base.lproj/Main.storyboard; sourceTree = "<group>"; };
		19B15EB41E4430E0008A34E7 /* Assets.xcassets */ = {isa = PBXFileReference; lastKnownFileType = folder.assetcatalog; path = Assets.xcassets; sourceTree = "<group>"; };
		19B15EB71E4430E0008A34E7 /* Base */ = {isa = PBXFileReference; lastKnownFileType = file.storyboard; name = Base; path = Base.lproj/LaunchScreen.storyboard; sourceTree = "<group>"; };
		19B15EB91E4430E0008A34E7 /* Info.plist */ = {isa = PBXFileReference; lastKnownFileType = text.plist.xml; path = Info.plist; sourceTree = "<group>"; };
		19B15EBE1E4430E0008A34E7 /* sampleMiniGuidebookTests.xctest */ = {isa = PBXFileReference; explicitFileType = wrapper.cfbundle; includeInIndex = 0; path = sampleMiniGuidebookTests.xctest; sourceTree = BUILT_PRODUCTS_DIR; };
		19B15EC21E4430E0008A34E7 /* sampleMiniGuidebookTests.swift */ = {isa = PBXFileReference; lastKnownFileType = sourcecode.swift; path = sampleMiniGuidebookTests.swift; sourceTree = "<group>"; };
		19B15EC41E4430E0008A34E7 /* Info.plist */ = {isa = PBXFileReference; lastKnownFileType = text.plist.xml; path = Info.plist; sourceTree = "<group>"; };
		19B15EC91E4430E0008A34E7 /* sampleMiniGuidebookUITests.xctest */ = {isa = PBXFileReference; explicitFileType = wrapper.cfbundle; includeInIndex = 0; path = sampleMiniGuidebookUITests.xctest; sourceTree = BUILT_PRODUCTS_DIR; };
		19B15ECD1E4430E0008A34E7 /* sampleMiniGuidebookUITests.swift */ = {isa = PBXFileReference; lastKnownFileType = sourcecode.swift; path = sampleMiniGuidebookUITests.swift; sourceTree = "<group>"; };
		19B15ECF1E4430E0008A34E7 /* Info.plist */ = {isa = PBXFileReference; lastKnownFileType = text.plist.xml; path = Info.plist; sourceTree = "<group>"; };
		19B15EDB1E443143008A34E7 /* placelist.plist */ = {isa = PBXFileReference; fileEncoding = 4; lastKnownFileType = text.plist.xml; path = placelist.plist; sourceTree = "<group>"; };
/* End PBXFileReference section */

/* Begin PBXFrameworksBuildPhase section */
		19B15EA71E4430E0008A34E7 /* Frameworks */ = {
			isa = PBXFrameworksBuildPhase;
			buildActionMask = 2147483647;
			files = (
			);
			runOnlyForDeploymentPostprocessing = 0;
		};
		19B15EBB1E4430E0008A34E7 /* Frameworks */ = {
			isa = PBXFrameworksBuildPhase;
			buildActionMask = 2147483647;
			files = (
			);
			runOnlyForDeploymentPostprocessing = 0;
		};
		19B15EC61E4430E0008A34E7 /* Frameworks */ = {
			isa = PBXFrameworksBuildPhase;
			buildActionMask = 2147483647;
			files = (
			);
			runOnlyForDeploymentPostprocessing = 0;
		};
/* End PBXFrameworksBuildPhase section */

/* Begin PBXGroup section */
		19B15EA11E4430E0008A34E7 = {
			isa = PBXGroup;
			children = (
				19B15EAC1E4430E0008A34E7 /* sampleMiniGuidebook */,
				19B15EC11E4430E0008A34E7 /* sampleMiniGuidebookTests */,
				19B15ECC1E4430E0008A34E7 /* sampleMiniGuidebookUITests */,
				19B15EAB1E4430E0008A34E7 /* Products */,
			);
			sourceTree = "<group>";
		};
		19B15EAB1E4430E0008A34E7 /* Products */ = {
			isa = PBXGroup;
			children = (
				19B15EAA1E4430E0008A34E7 /* sampleMiniGuidebook.app */,
				19B15EBE1E4430E0008A34E7 /* sampleMiniGuidebookTests.xctest */,
				19B15EC91E4430E0008A34E7 /* sampleMiniGuidebookUITests.xctest */,
			);
			name = Products;
			sourceTree = "<group>";
		};
		19B15EAC1E4430E0008A34E7 /* sampleMiniGuidebook */ = {
			isa = PBXGroup;
			children = (
				19B15EAD1E4430E0008A34E7 /* AppDelegate.swift */,
				19B15EAF1E4430E0008A34E7 /* ViewController.swift */,
				19B15EB11E4430E0008A34E7 /* Main.storyboard */,
				19B15EB41E4430E0008A34E7 /* Assets.xcassets */,
				19B15EB61E4430E0008A34E7 /* LaunchScreen.storyboard */,
				19B15EB91E4430E0008A34E7 /* Info.plist */,
				19B15EDB1E443143008A34E7 /* placelist.plist */,
				195AC81E1E481BB000869B32 /* secondViewController.swift */,
			);
			path = sampleMiniGuidebook;
			sourceTree = "<group>";
		};
		19B15EC11E4430E0008A34E7 /* sampleMiniGuidebookTests */ = {
			isa = PBXGroup;
			children = (
				19B15EC21E4430E0008A34E7 /* sampleMiniGuidebookTests.swift */,
				19B15EC41E4430E0008A34E7 /* Info.plist */,
			);
			path = sampleMiniGuidebookTests;
			sourceTree = "<group>";
		};
		19B15ECC1E4430E0008A34E7 /* sampleMiniGuidebookUITests */ = {
			isa = PBXGroup;
			children = (
				19B15ECD1E4430E0008A34E7 /* sampleMiniGuidebookUITests.swift */,
				19B15ECF1E4430E0008A34E7 /* Info.plist */,
			);
			path = sampleMiniGuidebookUITests;
			sourceTree = "<group>";
		};
/* End PBXGroup section */

/* Begin PBXNativeTarget section */
		19B15EA91E4430E0008A34E7 /* sampleMiniGuidebook */ = {
			isa = PBXNativeTarget;
			buildConfigurationList = 19B15ED21E4430E0008A34E7 /* Build configuration list for PBXNativeTarget "sampleMiniGuidebook" */;
			buildPhases = (
				19B15EA61E4430E0008A34E7 /* Sources */,
				19B15EA71E4430E0008A34E7 /* Frameworks */,
				19B15EA81E4430E0008A34E7 /* Resources */,
			);
			buildRules = (
			);
			dependencies = (
			);
			name = sampleMiniGuidebook;
			productName = sampleMiniGuidebook;
			productReference = 19B15EAA1E4430E0008A34E7 /* sampleMiniGuidebook.app */;
			productType = "com.apple.product-type.application";
		};
		19B15EBD1E4430E0008A34E7 /* sampleMiniGuidebookTests */ = {
			isa = PBXNativeTarget;
			buildConfigurationList = 19B15ED51E4430E0008A34E7 /* Build configuration list for PBXNativeTarget "sampleMiniGuidebookTests" */;
			buildPhases = (
				19B15EBA1E4430E0008A34E7 /* Sources */,
				19B15EBB1E4430E0008A34E7 /* Frameworks */,
				19B15EBC1E4430E0008A34E7 /* Resources */,
			);
			buildRules = (
			);
			dependencies = (
				19B15EC01E4430E0008A34E7 /* PBXTargetDependency */,
			);
			name = sampleMiniGuidebookTests;
			productName = sampleMiniGuidebookTests;
			productReference = 19B15EBE1E4430E0008A34E7 /* sampleMiniGuidebookTests.xctest */;
			productType = "com.apple.product-type.bundle.unit-test";
		};
		19B15EC81E4430E0008A34E7 /* sampleMiniGuidebookUITests */ = {
			isa = PBXNativeTarget;
			buildConfigurationList = 19B15ED81E4430E0008A34E7 /* Build configuration list for PBXNativeTarget "sampleMiniGuidebookUITests" */;
			buildPhases = (
				19B15EC51E4430E0008A34E7 /* Sources */,
				19B15EC61E4430E0008A34E7 /* Frameworks */,
				19B15EC71E4430E0008A34E7 /* Resources */,
			);
			buildRules = (
			);
			dependencies = (
				19B15ECB1E4430E0008A34E7 /* PBXTargetDependency */,
			);
			name = sampleMiniGuidebookUITests;
			productName = sampleMiniGuidebookUITests;
			productReference = 19B15EC91E4430E0008A34E7 /* sampleMiniGuidebookUITests.xctest */;
			productType = "com.apple.product-type.bundle.ui-testing";
		};
/* End PBXNativeTarget section */

/* Begin PBXProject section */
		19B15EA21E4430E0008A34E7 /* Project object */ = {
			isa = PBXProject;
			attributes = {
				LastSwiftUpdateCheck = 0820;
				LastUpgradeCheck = 0820;
				ORGANIZATIONNAME = "Eriko Ichinohe";
				TargetAttributes = {
					19B15EA91E4430E0008A34E7 = {
						CreatedOnToolsVersion = 8.2.1;
						ProvisioningStyle = Automatic;
					};
					19B15EBD1E4430E0008A34E7 = {
						CreatedOnToolsVersion = 8.2.1;
						ProvisioningStyle = Automatic;
						TestTargetID = 19B15EA91E4430E0008A34E7;
					};
					19B15EC81E4430E0008A34E7 = {
						CreatedOnToolsVersion = 8.2.1;
						ProvisioningStyle = Automatic;
						TestTargetID = 19B15EA91E4430E0008A34E7;
					};
				};
			};
			buildConfigurationList = 19B15EA51E4430E0008A34E7 /* Build configuration list for PBXProject "sampleMiniGuidebook" */;
			compatibilityVersion = "Xcode 3.2";
			developmentRegion = English;
			hasScannedForEncodings = 0;
			knownRegions = (
				en,
				Base,
			);
			mainGroup = 19B15EA11E4430E0008A34E7;
			productRefGroup = 19B15EAB1E4430E0008A34E7 /* Products */;
			projectDirPath = "";
			projectRoot = "";
			targets = (
				19B15EA91E4430E0008A34E7 /* sampleMiniGuidebook */,
				19B15EBD1E4430E0008A34E7 /* sampleMiniGuidebookTests */,
				19B15EC81E4430E0008A34E7 /* sampleMiniGuidebookUITests */,
			);
		};
/* End PBXProject section */

/* Begin PBXResourcesBuildPhase section */
		19B15EA81E4430E0008A34E7 /* Resources */ = {
			isa = PBXResourcesBuildPhase;
			buildActionMask = 2147483647;
			files = (
				19B15EB81E4430E0008A34E7 /* LaunchScreen.storyboard in Resources */,
				19B15EB51E4430E0008A34E7 /* Assets.xcassets in Resources */,
				19B15EDC1E443143008A34E7 /* placelist.plist in Resources */,
				19B15EB31E4430E0008A34E7 /* Main.storyboard in Resources */,
			);
			runOnlyForDeploymentPostprocessing = 0;
		};
		19B15EBC1E4430E0008A34E7 /* Resources */ = {
			isa = PBXResourcesBuildPhase;
			buildActionMask = 2147483647;
			files = (
			);
			runOnlyForDeploymentPostprocessing = 0;
		};
		19B15EC71E4430E0008A34E7 /* Resources */ = {
			isa = PBXResourcesBuildPhase;
			buildActionMask = 2147483647;
			files = (
			);
			runOnlyForDeploymentPostprocessing = 0;
		};
/* End PBXResourcesBuildPhase section */

/* Begin PBXSourcesBuildPhase section */
		19B15EA61E4430E0008A34E7 /* Sources */ = {
			isa = PBXSourcesBuildPhase;
			buildActionMask = 2147483647;
			files = (
				19B15EB01E4430E0008A34E7 /* ViewController.swift in Sources */,
				195AC81F1E481BB000869B32 /* secondViewController.swift in Sources */,
				19B15EAE1E4430E0008A34E7 /* AppDelegate.swift in Sources */,
			);
			runOnlyForDeploymentPostprocessing = 0;
		};
		19B15EBA1E4430E0008A34E7 /* Sources */ = {
			isa = PBXSourcesBuildPhase;
			buildActionMask = 2147483647;
			files = (
				19B15EC31E4430E0008A34E7 /* sampleMiniGuidebookTests.swift in Sources */,
			);
			runOnlyForDeploymentPostprocessing = 0;
		};
		19B15EC51E4430E0008A34E7 /* Sources */ = {
			isa = PBXSourcesBuildPhase;
			buildActionMask = 2147483647;
			files = (
				19B15ECE1E4430E0008A34E7 /* sampleMiniGuidebookUITests.swift in Sources */,
			);
			runOnlyForDeploymentPostprocessing = 0;
		};
/* End PBXSourcesBuildPhase section */

/* Begin PBXTargetDependency section */
		19B15EC01E4430E0008A34E7 /* PBXTargetDependency */ = {
			isa = PBXTargetDependency;
			target = 19B15EA91E4430E0008A34E7 /* sampleMiniGuidebook */;
			targetProxy = 19B15EBF1E4430E0008A34E7 /* PBXContainerItemProxy */;
		};
		19B15ECB1E4430E0008A34E7 /* PBXTargetDependency */ = {
			isa = PBXTargetDependency;
			target = 19B15EA91E4430E0008A34E7 /* sampleMiniGuidebook */;
			targetProxy = 19B15ECA1E4430E0008A34E7 /* PBXContainerItemProxy */;
		};
/* End PBXTargetDependency section */

/* Begin PBXVariantGroup section */
		19B15EB11E4430E0008A34E7 /* Main.storyboard */ = {
			isa = PBXVariantGroup;
			children = (
				19B15EB21E4430E0008A34E7 /* Base */,
			);
			name = Main.storyboard;
			sourceTree = "<group>";
		};
		19B15EB61E4430E0008A34E7 /* LaunchScreen.storyboard */ = {
			isa = PBXVariantGroup;
			children = (
				19B15EB71E4430E0008A34E7 /* Base */,
			);
			name = LaunchScreen.storyboard;
			sourceTree = "<group>";
		};
/* End PBXVariantGroup section */

/* Begin XCBuildConfiguration section */
		19B15ED01E4430E0008A34E7 /* Debug */ = {
			isa = XCBuildConfiguration;
			buildSettings = {
				ALWAYS_SEARCH_USER_PATHS = NO;
				CLANG_ANALYZER_NONNULL = YES;
				CLANG_CXX_LANGUAGE_STANDARD = "gnu++0x";
				CLANG_CXX_LIBRARY = "libc++";
				CLANG_ENABLE_MODULES = YES;
				CLANG_ENABLE_OBJC_ARC = YES;
				CLANG_WARN_BOOL_CONVERSION = YES;
				CLANG_WARN_CONSTANT_CONVERSION = YES;
				CLANG_WARN_DIRECT_OBJC_ISA_USAGE = YES_ERROR;
				CLANG_WARN_DOCUMENTATION_COMMENTS = YES;
				CLANG_WARN_EMPTY_BODY = YES;
				CLANG_WARN_ENUM_CONVERSION = YES;
				CLANG_WARN_INFINITE_RECURSION = YES;
				CLANG_WARN_INT_CONVERSION = YES;
				CLANG_WARN_OBJC_ROOT_CLASS = YES_ERROR;
				CLANG_WARN_SUSPICIOUS_MOVE = YES;
				CLANG_WARN_UNREACHABLE_CODE = YES;
				CLANG_WARN__DUPLICATE_METHOD_MATCH = YES;
				"CODE_SIGN_IDENTITY[sdk=iphoneos*]" = "iPhone Developer";
				COPY_PHASE_STRIP = NO;
				DEBUG_INFORMATION_FORMAT = dwarf;
				ENABLE_STRICT_OBJC_MSGSEND = YES;
				ENABLE_TESTABILITY = YES;
				GCC_C_LANGUAGE_STANDARD = gnu99;
				GCC_DYNAMIC_NO_PIC = NO;
				GCC_NO_COMMON_BLOCKS = YES;
				GCC_OPTIMIZATION_LEVEL = 0;
				GCC_PREPROCESSOR_DEFINITIONS = (
					"DEBUG=1",
					"$(inherited)",
				);
				GCC_WARN_64_TO_32_BIT_CONVERSION = YES;
				GCC_WARN_ABOUT_RETURN_TYPE = YES_ERROR;
				GCC_WARN_UNDECLARED_SELECTOR = YES;
				GCC_WARN_UNINITIALIZED_AUTOS = YES_AGGRESSIVE;
				GCC_WARN_UNUSED_FUNCTION = YES;
				GCC_WARN_UNUSED_VARIABLE = YES;
				IPHONEOS_DEPLOYMENT_TARGET = 10.2;
				MTL_ENABLE_DEBUG_INFO = YES;
				ONLY_ACTIVE_ARCH = YES;
				SDKROOT = iphoneos;
				SWIFT_ACTIVE_COMPILATION_CONDITIONS = DEBUG;
				SWIFT_OPTIMIZATION_LEVEL = "-Onone";
				TARGETED_DEVICE_FAMILY = "1,2";
			};
			name = Debug;
		};
		19B15ED11E4430E0008A34E7 /* Release */ = {
			isa = XCBuildConfiguration;
			buildSettings = {
				ALWAYS_SEARCH_USER_PATHS = NO;
				CLANG_ANALYZER_NONNULL = YES;
				CLANG_CXX_LANGUAGE_STANDARD = "gnu++0x";
				CLANG_CXX_LIBRARY = "libc++";
				CLANG_ENABLE_MODULES = YES;
				CLANG_ENABLE_OBJC_ARC = YES;
				CLANG_WARN_BOOL_CONVERSION = YES;
				CLANG_WARN_CONSTANT_CONVERSION = YES;
				CLANG_WARN_DIRECT_OBJC_ISA_USAGE = YES_ERROR;
				CLANG_WARN_DOCUMENTATION_COMMENTS = YES;
				CLANG_WARN_EMPTY_BODY = YES;
				CLANG_WARN_ENUM_CONVERSION = YES;
				CLANG_WARN_INFINITE_RECURSION = YES;
				CLANG_WARN_INT_CONVERSION = YES;
				CLANG_WARN_OBJC_ROOT_CLASS = YES_ERROR;
				CLANG_WARN_SUSPICIOUS_MOVE = YES;
				CLANG_WARN_UNREACHABLE_CODE = YES;
				CLANG_WARN__DUPLICATE_METHOD_MATCH = YES;
				"CODE_SIGN_IDENTITY[sdk=iphoneos*]" = "iPhone Developer";
				COPY_PHASE_STRIP = NO;
				DEBUG_INFORMATION_FORMAT = "dwarf-with-dsym";
				ENABLE_NS_ASSERTIONS = NO;
				ENABLE_STRICT_OBJC_MSGSEND = YES;
				GCC_C_LANGUAGE_STANDARD = gnu99;
				GCC_NO_COMMON_BLOCKS = YES;
				GCC_WARN_64_TO_32_BIT_CONVERSION = YES;
				GCC_WARN_ABOUT_RETURN_TYPE = YES_ERROR;
				GCC_WARN_UNDECLARED_SELECTOR = YES;
				GCC_WARN_UNINITIALIZED_AUTOS = YES_AGGRESSIVE;
				GCC_WARN_UNUSED_FUNCTION = YES;
				GCC_WARN_UNUSED_VARIABLE = YES;
				IPHONEOS_DEPLOYMENT_TARGET = 10.2;
				MTL_ENABLE_DEBUG_INFO = NO;
				SDKROOT = iphoneos;
				SWIFT_OPTIMIZATION_LEVEL = "-Owholemodule";
				TARGETED_DEVICE_FAMILY = "1,2";
				VALIDATE_PRODUCT = YES;
			};
			name = Release;
		};
		19B15ED31E4430E0008A34E7 /* Debug */ = {
			isa = XCBuildConfiguration;
			buildSettings = {
				ASSETCATALOG_COMPILER_APPICON_NAME = AppIcon;
				INFOPLIST_FILE = sampleMiniGuidebook/Info.plist;
				LD_RUNPATH_SEARCH_PATHS = "$(inherited) @executable_path/Frameworks";
				PRODUCT_BUNDLE_IDENTIFIER = com.erikoichinohe.sampleMiniGuidebook;
				PRODUCT_NAME = "$(TARGET_NAME)";
				SWIFT_VERSION = 3.0;
			};
			name = Debug;
		};
		19B15ED41E4430E0008A34E7 /* Release */ = {
			isa = XCBuildConfiguration;
			buildSettings = {
				ASSETCATALOG_COMPILER_APPICON_NAME = AppIcon;
				INFOPLIST_FILE = sampleMiniGuidebook/Info.plist;
				LD_RUNPATH_SEARCH_PATHS = "$(inherited) @executable_path/Frameworks";
				PRODUCT_BUNDLE_IDENTIFIER = com.erikoichinohe.sampleMiniGuidebook;
				PRODUCT_NAME = "$(TARGET_NAME)";
				SWIFT_VERSION = 3.0;
			};
			name = Release;
		};
		19B15ED61E4430E0008A34E7 /* Debug */ = {
			isa = XCBuildConfiguration;
			buildSettings = {
				ALWAYS_EMBED_SWIFT_STANDARD_LIBRARIES = YES;
				BUNDLE_LOADER = "$(TEST_HOST)";
				INFOPLIST_FILE = sampleMiniGuidebookTests/Info.plist;
				LD_RUNPATH_SEARCH_PATHS = "$(inherited) @executable_path/Frameworks @loader_path/Frameworks";
				PRODUCT_BUNDLE_IDENTIFIER = com.erikoichinohe.sampleMiniGuidebookTests;
				PRODUCT_NAME = "$(TARGET_NAME)";
				SWIFT_VERSION = 3.0;
				TEST_HOST = "$(BUILT_PRODUCTS_DIR)/sampleMiniGuidebook.app/sampleMiniGuidebook";
			};
			name = Debug;
		};
		19B15ED71E4430E0008A34E7 /* Release */ = {
			isa = XCBuildConfiguration;
			buildSettings = {
				ALWAYS_EMBED_SWIFT_STANDARD_LIBRARIES = YES;
				BUNDLE_LOADER = "$(TEST_HOST)";
				INFOPLIST_FILE = sampleMiniGuidebookTests/Info.plist;
				LD_RUNPATH_SEARCH_PATHS = "$(inherited) @executable_path/Frameworks @loader_path/Frameworks";
				PRODUCT_BUNDLE_IDENTIFIER = com.erikoichinohe.sampleMiniGuidebookTests;
				PRODUCT_NAME = "$(TARGET_NAME)";
				SWIFT_VERSION = 3.0;
				TEST_HOST = "$(BUILT_PRODUCTS_DIR)/sampleMiniGuidebook.app/sampleMiniGuidebook";
			};
			name = Release;
		};
		19B15ED91E4430E0008A34E7 /* Debug */ = {
			isa = XCBuildConfiguration;
			buildSettings = {
				ALWAYS_EMBED_SWIFT_STANDARD_LIBRARIES = YES;
				INFOPLIST_FILE = sampleMiniGuidebookUITests/Info.plist;
				LD_RUNPATH_SEARCH_PATHS = "$(inherited) @executable_path/Frameworks @loader_path/Frameworks";
				PRODUCT_BUNDLE_IDENTIFIER = com.erikoichinohe.sampleMiniGuidebookUITests;
				PRODUCT_NAME = "$(TARGET_NAME)";
				SWIFT_VERSION = 3.0;
				TEST_TARGET_NAME = sampleMiniGuidebook;
			};
			name = Debug;
		};
		19B15EDA1E4430E0008A34E7 /* Release */ = {
			isa = XCBuildConfiguration;
			buildSettings = {
				ALWAYS_EMBED_SWIFT_STANDARD_LIBRARIES = YES;
				INFOPLIST_FILE = sampleMiniGuidebookUITests/Info.plist;
				LD_RUNPATH_SEARCH_PATHS = "$(inherited) @executable_path/Frameworks @loader_path/Frameworks";
				PRODUCT_BUNDLE_IDENTIFIER = com.erikoichinohe.sampleMiniGuidebookUITests;
				PRODUCT_NAME = "$(TARGET_NAME)";
				SWIFT_VERSION = 3.0;
				TEST_TARGET_NAME = sampleMiniGuidebook;
			};
			name = Release;
		};
/* End XCBuildConfiguration section */

/* Begin XCConfigurationList section */
		19B15EA51E4430E0008A34E7 /* Build configuration list for PBXProject "sampleMiniGuidebook" */ = {
			isa = XCConfigurationList;
			buildConfigurations = (
				19B15ED01E4430E0008A34E7 /* Debug */,
				19B15ED11E4430E0008A34E7 /* Release */,
			);
			defaultConfigurationIsVisible = 0;
			defaultConfigurationName = Release;
		};
		19B15ED21E4430E0008A34E7 /* Build configuration list for PBXNativeTarget "sampleMiniGuidebook" */ = {
			isa = XCConfigurationList;
			buildConfigurations = (
				19B15ED31E4430E0008A34E7 /* Debug */,
				19B15ED41E4430E0008A34E7 /* Release */,
			);
			defaultConfigurationIsVisible = 0;
			defaultConfigurationName = Release;
		};
		19B15ED51E4430E0008A34E7 /* Build configuration list for PBXNativeTarget "sampleMiniGuidebookTests" */ = {
			isa = XCConfigurationList;
			buildConfigurations = (
				19B15ED61E4430E0008A34E7 /* Debug */,
				19B15ED71E4430E0008A34E7 /* Release */,
			);
			defaultConfigurationIsVisible = 0;
			defaultConfigurationName = Release;
		};
		19B15ED81E4430E0008A34E7 /* Build configuration list for PBXNativeTarget "sampleMiniGuidebookUITests" */ = {
			isa = XCConfigurationList;
			buildConfigurations = (
				19B15ED91E4430E0008A34E7 /* Debug */,
				19B15EDA1E4430E0008A34E7 /* Release */,
			);
			defaultConfigurationIsVisible = 0;
			defaultConfigurationName = Release;
		};
/* End XCConfigurationList section */
	};
	rootObject = 19B15EA21E4430E0008A34E7 /* Project object */;
}
